// !$*UTF8*$!
{
	archiveVersion = 1;
	classes = {
	};
	objectVersion = 56;
	objects = {

/* Begin PBXBuildFile section */
		11B839CF2927D92100DDFE4C /* galere_yApp.swift in Sources */ = {isa = PBXBuildFile; fileRef = 11B839CE2927D92100DDFE4C /* galere_yApp.swift */; };
		11B839D12927D92100DDFE4C /* ContentView.swift in Sources */ = {isa = PBXBuildFile; fileRef = 11B839D02927D92100DDFE4C /* ContentView.swift */; };
		11B839D32927D92200DDFE4C /* Assets.xcassets in Resources */ = {isa = PBXBuildFile; fileRef = 11B839D22927D92200DDFE4C /* Assets.xcassets */; };
		11B839D62927D92200DDFE4C /* Preview Assets.xcassets in Resources */ = {isa = PBXBuildFile; fileRef = 11B839D52927D92200DDFE4C /* Preview Assets.xcassets */; };
		11B839E02927D92200DDFE4C /* galere_yTests.swift in Sources */ = {isa = PBXBuildFile; fileRef = 11B839DF2927D92200DDFE4C /* galere_yTests.swift */; };
		11B839EA2927D92200DDFE4C /* galere_yUITests.swift in Sources */ = {isa = PBXBuildFile; fileRef = 11B839E92927D92200DDFE4C /* galere_yUITests.swift */; };
		11B839EC2927D92200DDFE4C /* galere_yUITestsLaunchTests.swift in Sources */ = {isa = PBXBuildFile; fileRef = 11B839EB2927D92200DDFE4C /* galere_yUITestsLaunchTests.swift */; };
/* End PBXBuildFile section */

/* Begin PBXContainerItemProxy section */
		11B839DC2927D92200DDFE4C /* PBXContainerItemProxy */ = {
			isa = PBXContainerItemProxy;
			containerPortal = 11B839C32927D92100DDFE4C /* Project object */;
			proxyType = 1;
			remoteGlobalIDString = 11B839CA2927D92100DDFE4C;
			remoteInfo = "galere-y";
		};
		11B839E62927D92200DDFE4C /* PBXContainerItemProxy */ = {
			isa = PBXContainerItemProxy;
			containerPortal = 11B839C32927D92100DDFE4C /* Project object */;
			proxyType = 1;
			remoteGlobalIDString = 11B839CA2927D92100DDFE4C;
			remoteInfo = "galere-y";
		};
/* End PBXContainerItemProxy section */

/* Begin PBXFileReference section */
		11B839CB2927D92100DDFE4C /* galere-y.app */ = {isa = PBXFileReference; explicitFileType = wrapper.application; includeInIndex = 0; path = "galere-y.app"; sourceTree = BUILT_PRODUCTS_DIR; };
		11B839CE2927D92100DDFE4C /* galere_yApp.swift */ = {isa = PBXFileReference; lastKnownFileType = sourcecode.swift; path = galere_yApp.swift; sourceTree = "<group>"; };
		11B839D02927D92100DDFE4C /* ContentView.swift */ = {isa = PBXFileReference; lastKnownFileType = sourcecode.swift; path = ContentView.swift; sourceTree = "<group>"; };
		11B839D22927D92200DDFE4C /* Assets.xcassets */ = {isa = PBXFileReference; lastKnownFileType = folder.assetcatalog; path = Assets.xcassets; sourceTree = "<group>"; };
		11B839D52927D92200DDFE4C /* Preview Assets.xcassets */ = {isa = PBXFileReference; lastKnownFileType = folder.assetcatalog; path = "Preview Assets.xcassets"; sourceTree = "<group>"; };
		11B839DB2927D92200DDFE4C /* galere-yTests.xctest */ = {isa = PBXFileReference; explicitFileType = wrapper.cfbundle; includeInIndex = 0; path = "galere-yTests.xctest"; sourceTree = BUILT_PRODUCTS_DIR; };
		11B839DF2927D92200DDFE4C /* galere_yTests.swift */ = {isa = PBXFileReference; lastKnownFileType = sourcecode.swift; path = galere_yTests.swift; sourceTree = "<group>"; };
		11B839E52927D92200DDFE4C /* galere-yUITests.xctest */ = {isa = PBXFileReference; explicitFileType = wrapper.cfbundle; includeInIndex = 0; path = "galere-yUITests.xctest"; sourceTree = BUILT_PRODUCTS_DIR; };
		11B839E92927D92200DDFE4C /* galere_yUITests.swift */ = {isa = PBXFileReference; lastKnownFileType = sourcecode.swift; path = galere_yUITests.swift; sourceTree = "<group>"; };
		11B839EB2927D92200DDFE4C /* galere_yUITestsLaunchTests.swift */ = {isa = PBXFileReference; lastKnownFileType = sourcecode.swift; path = galere_yUITestsLaunchTests.swift; sourceTree = "<group>"; };
/* End PBXFileReference section */

/* Begin PBXFrameworksBuildPhase section */
		11B839C82927D92100DDFE4C /* Frameworks */ = {
			isa = PBXFrameworksBuildPhase;
			buildActionMask = 2147483647;
			files = (
			);
			runOnlyForDeploymentPostprocessing = 0;
		};
		11B839D82927D92200DDFE4C /* Frameworks */ = {
			isa = PBXFrameworksBuildPhase;
			buildActionMask = 2147483647;
			files = (
			);
			runOnlyForDeploymentPostprocessing = 0;
		};
		11B839E22927D92200DDFE4C /* Frameworks */ = {
			isa = PBXFrameworksBuildPhase;
			buildActionMask = 2147483647;
			files = (
			);
			runOnlyForDeploymentPostprocessing = 0;
		};
/* End PBXFrameworksBuildPhase section */

/* Begin PBXGroup section */
		11B839C22927D92100DDFE4C = {
			isa = PBXGroup;
			children = (
				11B839CD2927D92100DDFE4C /* galere-y */,
				11B839DE2927D92200DDFE4C /* galere-yTests */,
				11B839E82927D92200DDFE4C /* galere-yUITests */,
				11B839CC2927D92100DDFE4C /* Products */,
			);
			sourceTree = "<group>";
		};
		11B839CC2927D92100DDFE4C /* Products */ = {
			isa = PBXGroup;
			children = (
				11B839CB2927D92100DDFE4C /* galere-y.app */,
				11B839DB2927D92200DDFE4C /* galere-yTests.xctest */,
				11B839E52927D92200DDFE4C /* galere-yUITests.xctest */,
			);
			name = Products;
			sourceTree = "<group>";
		};
		11B839CD2927D92100DDFE4C /* galere-y */ = {
			isa = PBXGroup;
			children = (
				11B839CE2927D92100DDFE4C /* galere_yApp.swift */,
				11B839D02927D92100DDFE4C /* ContentView.swift */,
				11B839D22927D92200DDFE4C /* Assets.xcassets */,
				11B839D42927D92200DDFE4C /* Preview Content */,
			);
			path = "galere-y";
			sourceTree = "<group>";
		};
		11B839D42927D92200DDFE4C /* Preview Content */ = {
			isa = PBXGroup;
			children = (
				11B839D52927D92200DDFE4C /* Preview Assets.xcassets */,
			);
			path = "Preview Content";
			sourceTree = "<group>";
		};
		11B839DE2927D92200DDFE4C /* galere-yTests */ = {
			isa = PBXGroup;
			children = (
				11B839DF2927D92200DDFE4C /* galere_yTests.swift */,
			);
			path = "galere-yTests";
			sourceTree = "<group>";
		};
		11B839E82927D92200DDFE4C /* galere-yUITests */ = {
			isa = PBXGroup;
			children = (
				11B839E92927D92200DDFE4C /* galere_yUITests.swift */,
				11B839EB2927D92200DDFE4C /* galere_yUITestsLaunchTests.swift */,
			);
			path = "galere-yUITests";
			sourceTree = "<group>";
		};
/* End PBXGroup section */

/* Begin PBXNativeTarget section */
		11B839CA2927D92100DDFE4C /* galere-y */ = {
			isa = PBXNativeTarget;
			buildConfigurationList = 11B839EF2927D92200DDFE4C /* Build configuration list for PBXNativeTarget "galere-y" */;
			buildPhases = (
				11B839C72927D92100DDFE4C /* Sources */,
				11B839C82927D92100DDFE4C /* Frameworks */,
				11B839C92927D92100DDFE4C /* Resources */,
			);
			buildRules = (
			);
			dependencies = (
			);
			name = "galere-y";
			productName = "galere-y";
			productReference = 11B839CB2927D92100DDFE4C /* galere-y.app */;
			productType = "com.apple.product-type.application";
		};
		11B839DA2927D92200DDFE4C /* galere-yTests */ = {
			isa = PBXNativeTarget;
			buildConfigurationList = 11B839F22927D92200DDFE4C /* Build configuration list for PBXNativeTarget "galere-yTests" */;
			buildPhases = (
				11B839D72927D92200DDFE4C /* Sources */,
				11B839D82927D92200DDFE4C /* Frameworks */,
				11B839D92927D92200DDFE4C /* Resources */,
			);
			buildRules = (
			);
			dependencies = (
				11B839DD2927D92200DDFE4C /* PBXTargetDependency */,
			);
			name = "galere-yTests";
			productName = "galere-yTests";
			productReference = 11B839DB2927D92200DDFE4C /* galere-yTests.xctest */;
			productType = "com.apple.product-type.bundle.unit-test";
		};
		11B839E42927D92200DDFE4C /* galere-yUITests */ = {
			isa = PBXNativeTarget;
			buildConfigurationList = 11B839F52927D92200DDFE4C /* Build configuration list for PBXNativeTarget "galere-yUITests" */;
			buildPhases = (
				11B839E12927D92200DDFE4C /* Sources */,
				11B839E22927D92200DDFE4C /* Frameworks */,
				11B839E32927D92200DDFE4C /* Resources */,
			);
			buildRules = (
			);
			dependencies = (
				11B839E72927D92200DDFE4C /* PBXTargetDependency */,
			);
			name = "galere-yUITests";
			productName = "galere-yUITests";
			productReference = 11B839E52927D92200DDFE4C /* galere-yUITests.xctest */;
			productType = "com.apple.product-type.bundle.ui-testing";
		};
/* End PBXNativeTarget section */

/* Begin PBXProject section */
		11B839C32927D92100DDFE4C /* Project object */ = {
			isa = PBXProject;
			attributes = {
				BuildIndependentTargetsInParallel = 1;
				LastSwiftUpdateCheck = 1400;
				LastUpgradeCheck = 1400;
				TargetAttributes = {
					11B839CA2927D92100DDFE4C = {
						CreatedOnToolsVersion = 14.0.1;
					};
					11B839DA2927D92200DDFE4C = {
						CreatedOnToolsVersion = 14.0.1;
						TestTargetID = 11B839CA2927D92100DDFE4C;
					};
					11B839E42927D92200DDFE4C = {
						CreatedOnToolsVersion = 14.0.1;
						TestTargetID = 11B839CA2927D92100DDFE4C;
					};
				};
			};
			buildConfigurationList = 11B839C62927D92100DDFE4C /* Build configuration list for PBXProject "galere-y" */;
			compatibilityVersion = "Xcode 14.0";
			developmentRegion = en;
			hasScannedForEncodings = 0;
			knownRegions = (
				en,
				Base,
			);
			mainGroup = 11B839C22927D92100DDFE4C;
			productRefGroup = 11B839CC2927D92100DDFE4C /* Products */;
			projectDirPath = "";
			projectRoot = "";
			targets = (
				11B839CA2927D92100DDFE4C /* galere-y */,
				11B839DA2927D92200DDFE4C /* galere-yTests */,
				11B839E42927D92200DDFE4C /* galere-yUITests */,
			);
		};
/* End PBXProject section */

/* Begin PBXResourcesBuildPhase section */
		11B839C92927D92100DDFE4C /* Resources */ = {
			isa = PBXResourcesBuildPhase;
			buildActionMask = 2147483647;
			files = (
				11B839D62927D92200DDFE4C /* Preview Assets.xcassets in Resources */,
				11B839D32927D92200DDFE4C /* Assets.xcassets in Resources */,
			);
			runOnlyForDeploymentPostprocessing = 0;
		};
		11B839D92927D92200DDFE4C /* Resources */ = {
			isa = PBXResourcesBuildPhase;
			buildActionMask = 2147483647;
			files = (
			);
			runOnlyForDeploymentPostprocessing = 0;
		};
		11B839E32927D92200DDFE4C /* Resources */ = {
			isa = PBXResourcesBuildPhase;
			buildActionMask = 2147483647;
			files = (
			);
			runOnlyForDeploymentPostprocessing = 0;
		};
/* End PBXResourcesBuildPhase section */

/* Begin PBXSourcesBuildPhase section */
		11B839C72927D92100DDFE4C /* Sources */ = {
			isa = PBXSourcesBuildPhase;
			buildActionMask = 2147483647;
			files = (
				11B839D12927D92100DDFE4C /* ContentView.swift in Sources */,
				11B839CF2927D92100DDFE4C /* galere_yApp.swift in Sources */,
			);
			runOnlyForDeploymentPostprocessing = 0;
		};
		11B839D72927D92200DDFE4C /* Sources */ = {
			isa = PBXSourcesBuildPhase;
			buildActionMask = 2147483647;
			files = (
				11B839E02927D92200DDFE4C /* galere_yTests.swift in Sources */,
			);
			runOnlyForDeploymentPostprocessing = 0;
		};
		11B839E12927D92200DDFE4C /* Sources */ = {
			isa = PBXSourcesBuildPhase;
			buildActionMask = 2147483647;
			files = (
				11B839EC2927D92200DDFE4C /* galere_yUITestsLaunchTests.swift in Sources */,
				11B839EA2927D92200DDFE4C /* galere_yUITests.swift in Sources */,
			);
			runOnlyForDeploymentPostprocessing = 0;
		};
/* End PBXSourcesBuildPhase section */

/* Begin PBXTargetDependency section */
		11B839DD2927D92200DDFE4C /* PBXTargetDependency */ = {
			isa = PBXTargetDependency;
			target = 11B839CA2927D92100DDFE4C /* galere-y */;
			targetProxy = 11B839DC2927D92200DDFE4C /* PBXContainerItemProxy */;
		};
		11B839E72927D92200DDFE4C /* PBXTargetDependency */ = {
			isa = PBXTargetDependency;
			target = 11B839CA2927D92100DDFE4C /* galere-y */;
			targetProxy = 11B839E62927D92200DDFE4C /* PBXContainerItemProxy */;
		};
/* End PBXTargetDependency section */

/* Begin XCBuildConfiguration section */
		11B839ED2927D92200DDFE4C /* Debug */ = {
			isa = XCBuildConfiguration;
			buildSettings = {
				ALWAYS_SEARCH_USER_PATHS = NO;
				CLANG_ANALYZER_NONNULL = YES;
				CLANG_ANALYZER_NUMBER_OBJECT_CONVERSION = YES_AGGRESSIVE;
				CLANG_CXX_LANGUAGE_STANDARD = "gnu++20";
				CLANG_ENABLE_MODULES = YES;
				CLANG_ENABLE_OBJC_ARC = YES;
				CLANG_ENABLE_OBJC_WEAK = YES;
				CLANG_WARN_BLOCK_CAPTURE_AUTORELEASING = YES;
				CLANG_WARN_BOOL_CONVERSION = YES;
				CLANG_WARN_COMMA = YES;
				CLANG_WARN_CONSTANT_CONVERSION = YES;
				CLANG_WARN_DEPRECATED_OBJC_IMPLEMENTATIONS = YES;
				CLANG_WARN_DIRECT_OBJC_ISA_USAGE = YES_ERROR;
				CLANG_WARN_DOCUMENTATION_COMMENTS = YES;
				CLANG_WARN_EMPTY_BODY = YES;
				CLANG_WARN_ENUM_CONVERSION = YES;
				CLANG_WARN_INFINITE_RECURSION = YES;
				CLANG_WARN_INT_CONVERSION = YES;
				CLANG_WARN_NON_LITERAL_NULL_CONVERSION = YES;
				CLANG_WARN_OBJC_IMPLICIT_RETAIN_SELF = YES;
				CLANG_WARN_OBJC_LITERAL_CONVERSION = YES;
				CLANG_WARN_OBJC_ROOT_CLASS = YES_ERROR;
				CLANG_WARN_QUOTED_INCLUDE_IN_FRAMEWORK_HEADER = YES;
				CLANG_WARN_RANGE_LOOP_ANALYSIS = YES;
				CLANG_WARN_STRICT_PROTOTYPES = YES;
				CLANG_WARN_SUSPICIOUS_MOVE = YES;
				CLANG_WARN_UNGUARDED_AVAILABILITY = YES_AGGRESSIVE;
				CLANG_WARN_UNREACHABLE_CODE = YES;
				CLANG_WARN__DUPLICATE_METHOD_MATCH = YES;
				COPY_PHASE_STRIP = NO;
				DEBUG_INFORMATION_FORMAT = dwarf;
				ENABLE_STRICT_OBJC_MSGSEND = YES;
				ENABLE_TESTABILITY = YES;
				GCC_C_LANGUAGE_STANDARD = gnu11;
				GCC_DYNAMIC_NO_PIC = NO;
				GCC_NO_COMMON_BLOCKS = YES;
				GCC_OPTIMIZATION_LEVEL = 0;
				GCC_PREPROCESSOR_DEFINITIONS = (
					"DEBUG=1",
					"$(inherited)",
				);
				GCC_WARN_64_TO_32_BIT_CONVERSION = YES;
				GCC_WARN_ABOUT_RETURN_TYPE = YES_ERROR;
				GCC_WARN_UNDECLARED_SELECTOR = YES;
				GCC_WARN_UNINITIALIZED_AUTOS = YES_AGGRESSIVE;
				GCC_WARN_UNUSED_FUNCTION = YES;
				GCC_WARN_UNUSED_VARIABLE = YES;
				IPHONEOS_DEPLOYMENT_TARGET = 16.0;
				MTL_ENABLE_DEBUG_INFO = INCLUDE_SOURCE;
				MTL_FAST_MATH = YES;
				ONLY_ACTIVE_ARCH = YES;
				SDKROOT = iphoneos;
				SWIFT_ACTIVE_COMPILATION_CONDITIONS = DEBUG;
				SWIFT_OPTIMIZATION_LEVEL = "-Onone";
			};
			name = Debug;
		};
		11B839EE2927D92200DDFE4C /* Release */ = {
			isa = XCBuildConfiguration;
			buildSettings = {
				ALWAYS_SEARCH_USER_PATHS = NO;
				CLANG_ANALYZER_NONNULL = YES;
				CLANG_ANALYZER_NUMBER_OBJECT_CONVERSION = YES_AGGRESSIVE;
				CLANG_CXX_LANGUAGE_STANDARD = "gnu++20";
				CLANG_ENABLE_MODULES = YES;
				CLANG_ENABLE_OBJC_ARC = YES;
				CLANG_ENABLE_OBJC_WEAK = YES;
				CLANG_WARN_BLOCK_CAPTURE_AUTORELEASING = YES;
				CLANG_WARN_BOOL_CONVERSION = YES;
				CLANG_WARN_COMMA = YES;
				CLANG_WARN_CONSTANT_CONVERSION = YES;
				CLANG_WARN_DEPRECATED_OBJC_IMPLEMENTATIONS = YES;
				CLANG_WARN_DIRECT_OBJC_ISA_USAGE = YES_ERROR;
				CLANG_WARN_DOCUMENTATION_COMMENTS = YES;
				CLANG_WARN_EMPTY_BODY = YES;
				CLANG_WARN_ENUM_CONVERSION = YES;
				CLANG_WARN_INFINITE_RECURSION = YES;
				CLANG_WARN_INT_CONVERSION = YES;
				CLANG_WARN_NON_LITERAL_NULL_CONVERSION = YES;
				CLANG_WARN_OBJC_IMPLICIT_RETAIN_SELF = YES;
				CLANG_WARN_OBJC_LITERAL_CONVERSION = YES;
				CLANG_WARN_OBJC_ROOT_CLASS = YES_ERROR;
				CLANG_WARN_QUOTED_INCLUDE_IN_FRAMEWORK_HEADER = YES;
				CLANG_WARN_RANGE_LOOP_ANALYSIS = YES;
				CLANG_WARN_STRICT_PROTOTYPES = YES;
				CLANG_WARN_SUSPICIOUS_MOVE = YES;
				CLANG_WARN_UNGUARDED_AVAILABILITY = YES_AGGRESSIVE;
				CLANG_WARN_UNREACHABLE_CODE = YES;
				CLANG_WARN__DUPLICATE_METHOD_MATCH = YES;
				COPY_PHASE_STRIP = NO;
				DEBUG_INFORMATION_FORMAT = "dwarf-with-dsym";
				ENABLE_NS_ASSERTIONS = NO;
				ENABLE_STRICT_OBJC_MSGSEND = YES;
				GCC_C_LANGUAGE_STANDARD = gnu11;
				GCC_NO_COMMON_BLOCKS = YES;
				GCC_WARN_64_TO_32_BIT_CONVERSION = YES;
				GCC_WARN_ABOUT_RETURN_TYPE = YES_ERROR;
				GCC_WARN_UNDECLARED_SELECTOR = YES;
				GCC_WARN_UNINITIALIZED_AUTOS = YES_AGGRESSIVE;
				GCC_WARN_UNUSED_FUNCTION = YES;
				GCC_WARN_UNUSED_VARIABLE = YES;
				IPHONEOS_DEPLOYMENT_TARGET = 16.0;
				MTL_ENABLE_DEBUG_INFO = NO;
				MTL_FAST_MATH = YES;
				SDKROOT = iphoneos;
				SWIFT_COMPILATION_MODE = wholemodule;
				SWIFT_OPTIMIZATION_LEVEL = "-O";
				VALIDATE_PRODUCT = YES;
			};
			name = Release;
		};
		11B839F02927D92200DDFE4C /* Debug */ = {
			isa = XCBuildConfiguration;
			buildSettings = {
				ASSETCATALOG_COMPILER_APPICON_NAME = AppIcon;
				ASSETCATALOG_COMPILER_GLOBAL_ACCENT_COLOR_NAME = AccentColor;
				CODE_SIGN_STYLE = Automatic;
				CURRENT_PROJECT_VERSION = 1;
				DEVELOPMENT_ASSET_PATHS = "\"galere-y/Preview Content\"";
				DEVELOPMENT_TEAM = 843FCJSS4Z;
				ENABLE_PREVIEWS = YES;
				GENERATE_INFOPLIST_FILE = YES;
				INFOPLIST_KEY_UIApplicationSceneManifest_Generation = YES;
				INFOPLIST_KEY_UIApplicationSupportsIndirectInputEvents = YES;
				INFOPLIST_KEY_UILaunchScreen_Generation = YES;
				INFOPLIST_KEY_UISupportedInterfaceOrientations_iPad = "UIInterfaceOrientationPortrait UIInterfaceOrientationPortraitUpsideDown UIInterfaceOrientationLandscapeLeft UIInterfaceOrientationLandscapeRight";
				INFOPLIST_KEY_UISupportedInterfaceOrientations_iPhone = "UIInterfaceOrientationPortrait UIInterfaceOrientationLandscapeLeft UIInterfaceOrientationLandscapeRight";
				LD_RUNPATH_SEARCH_PATHS = (
					"$(inherited)",
					"@executable_path/Frameworks",
				);
				MARKETING_VERSION = 1.0;
				PRODUCT_BUNDLE_IDENTIFIER = "com.exemple.galere-y";
				PRODUCT_NAME = "$(TARGET_NAME)";
				SWIFT_EMIT_LOC_STRINGS = YES;
				SWIFT_VERSION = 5.0;
				TARGETED_DEVICE_FAMILY = "1,2";
			};
			name = Debug;
		};
		11B839F12927D92200DDFE4C /* Release */ = {
			isa = XCBuildConfiguration;
			buildSettings = {
				ASSETCATALOG_COMPILER_APPICON_NAME = AppIcon;
				ASSETCATALOG_COMPILER_GLOBAL_ACCENT_COLOR_NAME = AccentColor;
				CODE_SIGN_STYLE = Automatic;
				CURRENT_PROJECT_VERSION = 1;
				DEVELOPMENT_ASSET_PATHS = "\"galere-y/Preview Content\"";
				DEVELOPMENT_TEAM = 843FCJSS4Z;
				ENABLE_PREVIEWS = YES;
				GENERATE_INFOPLIST_FILE = YES;
				INFOPLIST_KEY_UIApplicationSceneManifest_Generation = YES;
				INFOPLIST_KEY_UIApplicationSupportsIndirectInputEvents = YES;
				INFOPLIST_KEY_UILaunchScreen_Generation = YES;
				INFOPLIST_KEY_UISupportedInterfaceOrientations_iPad = "UIInterfaceOrientationPortrait UIInterfaceOrientationPortraitUpsideDown UIInterfaceOrientationLandscapeLeft UIInterfaceOrientationLandscapeRight";
				INFOPLIST_KEY_UISupportedInterfaceOrientations_iPhone = "UIInterfaceOrientationPortrait UIInterfaceOrientationLandscapeLeft UIInterfaceOrientationLandscapeRight";
				LD_RUNPATH_SEARCH_PATHS = (
					"$(inherited)",
					"@executable_path/Frameworks",
				);
				MARKETING_VERSION = 1.0;
				PRODUCT_BUNDLE_IDENTIFIER = "com.exemple.galere-y";
				PRODUCT_NAME = "$(TARGET_NAME)";
				SWIFT_EMIT_LOC_STRINGS = YES;
				SWIFT_VERSION = 5.0;
				TARGETED_DEVICE_FAMILY = "1,2";
			};
			name = Release;
		};
		11B839F32927D92200DDFE4C /* Debug */ = {
			isa = XCBuildConfiguration;
			buildSettings = {
				ALWAYS_EMBED_SWIFT_STANDARD_LIBRARIES = YES;
				BUNDLE_LOADER = "$(TEST_HOST)";
				CODE_SIGN_STYLE = Automatic;
				CURRENT_PROJECT_VERSION = 1;
				DEVELOPMENT_TEAM = 843FCJSS4Z;
				GENERATE_INFOPLIST_FILE = YES;
				IPHONEOS_DEPLOYMENT_TARGET = 16.0;
				MARKETING_VERSION = 1.0;
				PRODUCT_BUNDLE_IDENTIFIER = "com.exemple.galere-yTests";
				PRODUCT_NAME = "$(TARGET_NAME)";
				SWIFT_EMIT_LOC_STRINGS = NO;
				SWIFT_VERSION = 5.0;
				TARGETED_DEVICE_FAMILY = "1,2";
				TEST_HOST = "$(BUILT_PRODUCTS_DIR)/galere-y.app/$(BUNDLE_EXECUTABLE_FOLDER_PATH)/galere-y";
			};
			name = Debug;
		};
		11B839F42927D92200DDFE4C /* Release */ = {
			isa = XCBuildConfiguration;
			buildSettings = {
				ALWAYS_EMBED_SWIFT_STANDARD_LIBRARIES = YES;
				BUNDLE_LOADER = "$(TEST_HOST)";
				CODE_SIGN_STYLE = Automatic;
				CURRENT_PROJECT_VERSION = 1;
				DEVELOPMENT_TEAM = 843FCJSS4Z;
				GENERATE_INFOPLIST_FILE = YES;
				IPHONEOS_DEPLOYMENT_TARGET = 16.0;
				MARKETING_VERSION = 1.0;
				PRODUCT_BUNDLE_IDENTIFIER = "com.exemple.galere-yTests";
				PRODUCT_NAME = "$(TARGET_NAME)";
				SWIFT_EMIT_LOC_STRINGS = NO;
				SWIFT_VERSION = 5.0;
				TARGETED_DEVICE_FAMILY = "1,2";
				TEST_HOST = "$(BUILT_PRODUCTS_DIR)/galere-y.app/$(BUNDLE_EXECUTABLE_FOLDER_PATH)/galere-y";
			};
			name = Release;
		};
		11B839F62927D92200DDFE4C /* Debug */ = {
			isa = XCBuildConfiguration;
			buildSettings = {
				ALWAYS_EMBED_SWIFT_STANDARD_LIBRARIES = YES;
				CODE_SIGN_STYLE = Automatic;
				CURRENT_PROJECT_VERSION = 1;
				DEVELOPMENT_TEAM = 843FCJSS4Z;
				GENERATE_INFOPLIST_FILE = YES;
				MARKETING_VERSION = 1.0;
				PRODUCT_BUNDLE_IDENTIFIER = "com.exemple.galere-yUITests";
				PRODUCT_NAME = "$(TARGET_NAME)";
				SWIFT_EMIT_LOC_STRINGS = NO;
				SWIFT_VERSION = 5.0;
				TARGETED_DEVICE_FAMILY = "1,2";
				TEST_TARGET_NAME = "galere-y";
			};
			name = Debug;
		};
		11B839F72927D92200DDFE4C /* Release */ = {
			isa = XCBuildConfiguration;
			buildSettings = {
				ALWAYS_EMBED_SWIFT_STANDARD_LIBRARIES = YES;
				CODE_SIGN_STYLE = Automatic;
				CURRENT_PROJECT_VERSION = 1;
				DEVELOPMENT_TEAM = 843FCJSS4Z;
				GENERATE_INFOPLIST_FILE = YES;
				MARKETING_VERSION = 1.0;
				PRODUCT_BUNDLE_IDENTIFIER = "com.exemple.galere-yUITests";
				PRODUCT_NAME = "$(TARGET_NAME)";
				SWIFT_EMIT_LOC_STRINGS = NO;
				SWIFT_VERSION = 5.0;
				TARGETED_DEVICE_FAMILY = "1,2";
				TEST_TARGET_NAME = "galere-y";
			};
			name = Release;
		};
/* End XCBuildConfiguration section */

/* Begin XCConfigurationList section */
		11B839C62927D92100DDFE4C /* Build configuration list for PBXProject "galere-y" */ = {
			isa = XCConfigurationList;
			buildConfigurations = (
				11B839ED2927D92200DDFE4C /* Debug */,
				11B839EE2927D92200DDFE4C /* Release */,
			);
			defaultConfigurationIsVisible = 0;
			defaultConfigurationName = Release;
		};
		11B839EF2927D92200DDFE4C /* Build configuration list for PBXNativeTarget "galere-y" */ = {
			isa = XCConfigurationList;
			buildConfigurations = (
				11B839F02927D92200DDFE4C /* Debug */,
				11B839F12927D92200DDFE4C /* Release */,
			);
			defaultConfigurationIsVisible = 0;
			defaultConfigurationName = Release;
		};
		11B839F22927D92200DDFE4C /* Build configuration list for PBXNativeTarget "galere-yTests" */ = {
			isa = XCConfigurationList;
			buildConfigurations = (
				11B839F32927D92200DDFE4C /* Debug */,
				11B839F42927D92200DDFE4C /* Release */,
			);
			defaultConfigurationIsVisible = 0;
			defaultConfigurationName = Release;
		};
		11B839F52927D92200DDFE4C /* Build configuration list for PBXNativeTarget "galere-yUITests" */ = {
			isa = XCConfigurationList;
			buildConfigurations = (
				11B839F62927D92200DDFE4C /* Debug */,
				11B839F72927D92200DDFE4C /* Release */,
			);
			defaultConfigurationIsVisible = 0;
			defaultConfigurationName = Release;
		};
/* End XCConfigurationList section */
	};
	rootObject = 11B839C32927D92100DDFE4C /* Project object */;
}
